
Microsoft Visual Studio Solution File, Format Version 12.00
# Visual Studio 15
VisualStudioVersion = 15.0.28010.2041
MinimumVisualStudioVersion = 10.0.40219.1
Project("{FAE04EC0-301F-11D3-BF4B-00C04F79EFBC}") = "Lista2_LucasMorato", "Lista2_LucasMorato\Lista2_LucasMorato.csproj", "{6059BC5B-65F5-48D8-BB57-29C7C7569AFB}"
EndProject
Global
	GlobalSection(SolutionConfigurationPlatforms) = preSolution
		Debug|Any CPU = Debug|Any CPU
		Release|Any CPU = Release|Any CPU
	EndGlobalSection
	GlobalSection(ProjectConfigurationPlatforms) = postSolution
		{6059BC5B-65F5-48D8-BB57-29C7C7569AFB}.Debug|Any CPU.ActiveCfg = Debug|Any CPU
		{6059BC5B-65F5-48D8-BB57-29C7C7569AFB}.Debug|Any CPU.Build.0 = Debug|Any CPU
		{6059BC5B-65F5-48D8-BB57-29C7C7569AFB}.Release|Any CPU.ActiveCfg = Release|Any CPU
		{6059BC5B-65F5-48D8-BB57-29C7C7569AFB}.Release|Any CPU.Build.0 = Release|Any CPU
	EndGlobalSection
	GlobalSection(SolutionProperties) = preSolution
		HideSolutionNode = FALSE
	EndGlobalSection
	GlobalSection(ExtensibilityGlobals) = postSolution
		SolutionGuid = {9E90CCC5-EA18-43C8-8439-68C958A248A2}
	EndGlobalSection
EndGlobal
